en:
  activerecord:
    models:
      block: 'Block'
    attributes:
      block: &DEFAULT
        id: 'ID'
        name: 'Name'
        created_at: 'Created Date'
        updated_at: 'Modified Date'
        active: 'Active'
        assign_to_assessment_ids: 'Assessments'
  simple_form:
    placeholders:
      block:
        <<: *DEFAULT
